
Microsoft Visual Studio Solution File, Format Version 12.00
# Visual Studio 15
VisualStudioVersion = 15.0.28307.572
MinimumVisualStudioVersion = 10.0.40219.1
Project("{FAE04EC0-301F-11D3-BF4B-00C04F79EFBC}") = "test BD", "test BD\test BD.csproj", "{2F85F6F4-DAC5-4CC0-ACB8-EF53A2979C79}"
EndProject
Global
	GlobalSection(SolutionConfigurationPlatforms) = preSolution
		Debug|Any CPU = Debug|Any CPU
		Release|Any CPU = Release|Any CPU
	EndGlobalSection
	GlobalSection(ProjectConfigurationPlatforms) = postSolution
		{2F85F6F4-DAC5-4CC0-ACB8-EF53A2979C79}.Debug|Any CPU.ActiveCfg = Debug|Any CPU
		{2F85F6F4-DAC5-4CC0-ACB8-EF53A2979C79}.Debug|Any CPU.Build.0 = Debug|Any CPU
		{2F85F6F4-DAC5-4CC0-ACB8-EF53A2979C79}.Release|Any CPU.ActiveCfg = Release|Any CPU
		{2F85F6F4-DAC5-4CC0-ACB8-EF53A2979C79}.Release|Any CPU.Build.0 = Release|Any CPU
	EndGlobalSection
	GlobalSection(SolutionProperties) = preSolution
		HideSolutionNode = FALSE
	EndGlobalSection
	GlobalSection(ExtensibilityGlobals) = postSolution
		SolutionGuid = {76F7AA33-8291-4320-817D-B6126676A8AE}
	EndGlobalSection
EndGlobal
